// !$*UTF8*$!
{
	archiveVersion = 1;
	classes = {
	};
	objectVersion = 55;
	objects = {

/* Begin PBXBuildFile section */
		989490072B0CE475001B6A7A /* LandmarksUITests.m in Sources */ = {isa = PBXBuildFile; fileRef = 989490062B0CE475001B6A7A /* LandmarksUITests.m */; };
		98A2611E28B169B900FEE658 /* LandmarksApp.swift in Sources */ = {isa = PBXBuildFile; fileRef = 98A2611D28B169B900FEE658 /* LandmarksApp.swift */; };
		98A2612028B169B900FEE658 /* ContentView.swift in Sources */ = {isa = PBXBuildFile; fileRef = 98A2611F28B169B900FEE658 /* ContentView.swift */; };
		98A2612228B169BA00FEE658 /* Assets.xcassets in Resources */ = {isa = PBXBuildFile; fileRef = 98A2612128B169BA00FEE658 /* Assets.xcassets */; };
		98A2612528B169BA00FEE658 /* Preview Assets.xcassets in Resources */ = {isa = PBXBuildFile; fileRef = 98A2612428B169BA00FEE658 /* Preview Assets.xcassets */; };
		98A2612C28B18CA000FEE658 /* CircleImage.swift in Sources */ = {isa = PBXBuildFile; fileRef = 98A2612B28B18CA000FEE658 /* CircleImage.swift */; };
		98A2612E28B18F1200FEE658 /* MapView.swift in Sources */ = {isa = PBXBuildFile; fileRef = 98A2612D28B18F1200FEE658 /* MapView.swift */; };
		98A2613228B194A100FEE658 /* landmarkData.json in Resources */ = {isa = PBXBuildFile; fileRef = 98A2613128B194A100FEE658 /* landmarkData.json */; };
		98A2613428B194FC00FEE658 /* Landmark.swift in Sources */ = {isa = PBXBuildFile; fileRef = 98A2613328B194FC00FEE658 /* Landmark.swift */; };
		98A2613628B196D700FEE658 /* ModelData.swift in Sources */ = {isa = PBXBuildFile; fileRef = 98A2613528B196D700FEE658 /* ModelData.swift */; };
		98A2613D28B1992400FEE658 /* LandmarkRow.swift in Sources */ = {isa = PBXBuildFile; fileRef = 98A2613C28B1992400FEE658 /* LandmarkRow.swift */; };
		98A2613F28B19AC900FEE658 /* LandmarkList.swift in Sources */ = {isa = PBXBuildFile; fileRef = 98A2613E28B19AC900FEE658 /* LandmarkList.swift */; };
		98A2614128B19C3200FEE658 /* LandmarkDetail.swift in Sources */ = {isa = PBXBuildFile; fileRef = 98A2614028B19C3200FEE658 /* LandmarkDetail.swift */; };
		98CF8FBD28B249F600993DE6 /* FavoriteButton.swift in Sources */ = {isa = PBXBuildFile; fileRef = 98CF8FBC28B249F600993DE6 /* FavoriteButton.swift */; };
		98CF8FC028B24FA800993DE6 /* HexagonParameters.swift in Sources */ = {isa = PBXBuildFile; fileRef = 98CF8FBF28B24FA800993DE6 /* HexagonParameters.swift */; };
		98CF8FC228B2519700993DE6 /* BadgeBackground.swift in Sources */ = {isa = PBXBuildFile; fileRef = 98CF8FC128B2519700993DE6 /* BadgeBackground.swift */; };
		98CF8FC428B2563300993DE6 /* BadgeSymbol.swift in Sources */ = {isa = PBXBuildFile; fileRef = 98CF8FC328B2563300993DE6 /* BadgeSymbol.swift */; };
		98CF8FC628B28B7000993DE6 /* RotatedBadgeSymbol.swift in Sources */ = {isa = PBXBuildFile; fileRef = 98CF8FC528B28B7000993DE6 /* RotatedBadgeSymbol.swift */; };
		98CF8FC828B28CEE00993DE6 /* Badge.swift in Sources */ = {isa = PBXBuildFile; fileRef = 98CF8FC728B28CEE00993DE6 /* Badge.swift */; };
		98CF8FCB28B2985F00993DE6 /* hikeData.json in Resources */ = {isa = PBXBuildFile; fileRef = 98CF8FCA28B2985F00993DE6 /* hikeData.json */; };
		98CF8FCD28B29B1100993DE6 /* Hike.swift in Sources */ = {isa = PBXBuildFile; fileRef = 98CF8FCC28B29B1100993DE6 /* Hike.swift */; };
		98CF8FD528B29C8100993DE6 /* GraphCapsule.swift in Sources */ = {isa = PBXBuildFile; fileRef = 98CF8FD128B29C8100993DE6 /* GraphCapsule.swift */; };
		98CF8FD628B29C8100993DE6 /* HikeGraph.swift in Sources */ = {isa = PBXBuildFile; fileRef = 98CF8FD228B29C8100993DE6 /* HikeGraph.swift */; };
		98CF8FD728B29C8100993DE6 /* HikeDetail.swift in Sources */ = {isa = PBXBuildFile; fileRef = 98CF8FD328B29C8100993DE6 /* HikeDetail.swift */; };
		98CF8FD828B29C8100993DE6 /* HikeView.swift in Sources */ = {isa = PBXBuildFile; fileRef = 98CF8FD428B29C8100993DE6 /* HikeView.swift */; };
/* End PBXBuildFile section */

/* Begin PBXContainerItemProxy section */
		9894900A2B0CE475001B6A7A /* PBXContainerItemProxy */ = {
			isa = PBXContainerItemProxy;
			containerPortal = 98A2611228B169B900FEE658 /* Project object */;
			proxyType = 1;
			remoteGlobalIDString = 98A2611928B169B900FEE658;
			remoteInfo = Landmarks;
		};
/* End PBXContainerItemProxy section */

/* Begin PBXFileReference section */
		989490042B0CE475001B6A7A /* LandmarksUITests.xctest */ = {isa = PBXFileReference; explicitFileType = wrapper.cfbundle; includeInIndex = 0; path = LandmarksUITests.xctest; sourceTree = BUILT_PRODUCTS_DIR; };
		989490062B0CE475001B6A7A /* LandmarksUITests.m */ = {isa = PBXFileReference; lastKnownFileType = sourcecode.c.objc; path = LandmarksUITests.m; sourceTree = "<group>"; };
		9894900F2B0CEB2C001B6A7A /* TestPlan.xctestplan */ = {isa = PBXFileReference; lastKnownFileType = text; path = TestPlan.xctestplan; sourceTree = "<group>"; };
		98A2611A28B169B900FEE658 /* Landmarks.app */ = {isa = PBXFileReference; explicitFileType = wrapper.application; includeInIndex = 0; path = Landmarks.app; sourceTree = BUILT_PRODUCTS_DIR; };
		98A2611D28B169B900FEE658 /* LandmarksApp.swift */ = {isa = PBXFileReference; lastKnownFileType = sourcecode.swift; path = LandmarksApp.swift; sourceTree = "<group>"; };
		98A2611F28B169B900FEE658 /* ContentView.swift */ = {isa = PBXFileReference; lastKnownFileType = sourcecode.swift; path = ContentView.swift; sourceTree = "<group>"; };
		98A2612128B169BA00FEE658 /* Assets.xcassets */ = {isa = PBXFileReference; lastKnownFileType = folder.assetcatalog; path = Assets.xcassets; sourceTree = "<group>"; };
		98A2612428B169BA00FEE658 /* Preview Assets.xcassets */ = {isa = PBXFileReference; lastKnownFileType = folder.assetcatalog; path = "Preview Assets.xcassets"; sourceTree = "<group>"; };
		98A2612B28B18CA000FEE658 /* CircleImage.swift */ = {isa = PBXFileReference; lastKnownFileType = sourcecode.swift; path = CircleImage.swift; sourceTree = "<group>"; };
		98A2612D28B18F1200FEE658 /* MapView.swift */ = {isa = PBXFileReference; lastKnownFileType = sourcecode.swift; path = MapView.swift; sourceTree = "<group>"; };
		98A2613128B194A100FEE658 /* landmarkData.json */ = {isa = PBXFileReference; fileEncoding = 4; lastKnownFileType = text.json; path = landmarkData.json; sourceTree = "<group>"; };
		98A2613328B194FC00FEE658 /* Landmark.swift */ = {isa = PBXFileReference; lastKnownFileType = sourcecode.swift; path = Landmark.swift; sourceTree = "<group>"; };
		98A2613528B196D700FEE658 /* ModelData.swift */ = {isa = PBXFileReference; lastKnownFileType = sourcecode.swift; path = ModelData.swift; sourceTree = "<group>"; };
		98A2613C28B1992400FEE658 /* LandmarkRow.swift */ = {isa = PBXFileReference; lastKnownFileType = sourcecode.swift; path = LandmarkRow.swift; sourceTree = "<group>"; };
		98A2613E28B19AC900FEE658 /* LandmarkList.swift */ = {isa = PBXFileReference; lastKnownFileType = sourcecode.swift; path = LandmarkList.swift; sourceTree = "<group>"; };
		98A2614028B19C3200FEE658 /* LandmarkDetail.swift */ = {isa = PBXFileReference; lastKnownFileType = sourcecode.swift; path = LandmarkDetail.swift; sourceTree = "<group>"; };
		98CF8FBC28B249F600993DE6 /* FavoriteButton.swift */ = {isa = PBXFileReference; lastKnownFileType = sourcecode.swift; path = FavoriteButton.swift; sourceTree = "<group>"; };
		98CF8FBF28B24FA800993DE6 /* HexagonParameters.swift */ = {isa = PBXFileReference; lastKnownFileType = sourcecode.swift; path = HexagonParameters.swift; sourceTree = "<group>"; };
		98CF8FC128B2519700993DE6 /* BadgeBackground.swift */ = {isa = PBXFileReference; lastKnownFileType = sourcecode.swift; path = BadgeBackground.swift; sourceTree = "<group>"; };
		98CF8FC328B2563300993DE6 /* BadgeSymbol.swift */ = {isa = PBXFileReference; lastKnownFileType = sourcecode.swift; path = BadgeSymbol.swift; sourceTree = "<group>"; };
		98CF8FC528B28B7000993DE6 /* RotatedBadgeSymbol.swift */ = {isa = PBXFileReference; lastKnownFileType = sourcecode.swift; path = RotatedBadgeSymbol.swift; sourceTree = "<group>"; };
		98CF8FC728B28CEE00993DE6 /* Badge.swift */ = {isa = PBXFileReference; lastKnownFileType = sourcecode.swift; path = Badge.swift; sourceTree = "<group>"; };
		98CF8FCA28B2985F00993DE6 /* hikeData.json */ = {isa = PBXFileReference; fileEncoding = 4; lastKnownFileType = text.json; path = hikeData.json; sourceTree = "<group>"; };
		98CF8FCC28B29B1100993DE6 /* Hike.swift */ = {isa = PBXFileReference; lastKnownFileType = sourcecode.swift; path = Hike.swift; sourceTree = "<group>"; };
		98CF8FD128B29C8100993DE6 /* GraphCapsule.swift */ = {isa = PBXFileReference; fileEncoding = 4; lastKnownFileType = sourcecode.swift; path = GraphCapsule.swift; sourceTree = "<group>"; };
		98CF8FD228B29C8100993DE6 /* HikeGraph.swift */ = {isa = PBXFileReference; fileEncoding = 4; lastKnownFileType = sourcecode.swift; path = HikeGraph.swift; sourceTree = "<group>"; };
		98CF8FD328B29C8100993DE6 /* HikeDetail.swift */ = {isa = PBXFileReference; fileEncoding = 4; lastKnownFileType = sourcecode.swift; path = HikeDetail.swift; sourceTree = "<group>"; };
		98CF8FD428B29C8100993DE6 /* HikeView.swift */ = {isa = PBXFileReference; fileEncoding = 4; lastKnownFileType = sourcecode.swift; path = HikeView.swift; sourceTree = "<group>"; };
/* End PBXFileReference section */

/* Begin PBXFrameworksBuildPhase section */
		989490012B0CE475001B6A7A /* Frameworks */ = {
			isa = PBXFrameworksBuildPhase;
			buildActionMask = 2147483647;
			files = (
			);
			runOnlyForDeploymentPostprocessing = 0;
		};
		98A2611728B169B900FEE658 /* Frameworks */ = {
			isa = PBXFrameworksBuildPhase;
			buildActionMask = 2147483647;
			files = (
			);
			runOnlyForDeploymentPostprocessing = 0;
		};
/* End PBXFrameworksBuildPhase section */

/* Begin PBXGroup section */
		989490052B0CE475001B6A7A /* LandmarksUITests */ = {
			isa = PBXGroup;
			children = (
				989490062B0CE475001B6A7A /* LandmarksUITests.m */,
			);
			path = LandmarksUITests;
			sourceTree = "<group>";
		};
		98A2611128B169B900FEE658 = {
			isa = PBXGroup;
			children = (
				9894900F2B0CEB2C001B6A7A /* TestPlan.xctestplan */,
				98A2611C28B169B900FEE658 /* Landmarks */,
				989490052B0CE475001B6A7A /* LandmarksUITests */,
				98A2611B28B169B900FEE658 /* Products */,
			);
			sourceTree = "<group>";
		};
		98A2611B28B169B900FEE658 /* Products */ = {
			isa = PBXGroup;
			children = (
				98A2611A28B169B900FEE658 /* Landmarks.app */,
				989490042B0CE475001B6A7A /* LandmarksUITests.xctest */,
			);
			name = Products;
			sourceTree = "<group>";
		};
		98A2611C28B169B900FEE658 /* Landmarks */ = {
			isa = PBXGroup;
			children = (
				98A2613B28B198C400FEE658 /* Resources */,
				98A2611D28B169B900FEE658 /* LandmarksApp.swift */,
				98A2613A28B198B300FEE658 /* Model */,
				98A2613928B198A000FEE658 /* Views */,
				98A2612128B169BA00FEE658 /* Assets.xcassets */,
				98A2612328B169BA00FEE658 /* Preview Content */,
			);
			path = Landmarks;
			sourceTree = "<group>";
		};
		98A2612328B169BA00FEE658 /* Preview Content */ = {
			isa = PBXGroup;
			children = (
				98A2612428B169BA00FEE658 /* Preview Assets.xcassets */,
			);
			path = "Preview Content";
			sourceTree = "<group>";
		};
		98A2613928B198A000FEE658 /* Views */ = {
			isa = PBXGroup;
			children = (
				98A2611F28B169B900FEE658 /* ContentView.swift */,
				98CF8FD028B29C8100993DE6 /* Hikes */,
				98CF8FC928B28F9700993DE6 /* Badges */,
				98CF8FBE28B24A0E00993DE6 /* Landmarks */,
				98CF8FBB28B249C700993DE6 /* Helpers */,
			);
			path = Views;
			sourceTree = "<group>";
		};
		98A2613A28B198B300FEE658 /* Model */ = {
			isa = PBXGroup;
			children = (
				98A2613328B194FC00FEE658 /* Landmark.swift */,
				98A2613528B196D700FEE658 /* ModelData.swift */,
				98CF8FCC28B29B1100993DE6 /* Hike.swift */,
			);
			path = Model;
			sourceTree = "<group>";
		};
		98A2613B28B198C400FEE658 /* Resources */ = {
			isa = PBXGroup;
			children = (
				98CF8FCA28B2985F00993DE6 /* hikeData.json */,
				98A2613128B194A100FEE658 /* landmarkData.json */,
			);
			path = Resources;
			sourceTree = "<group>";
		};
		98CF8FBB28B249C700993DE6 /* Helpers */ = {
			isa = PBXGroup;
			children = (
				98A2612B28B18CA000FEE658 /* CircleImage.swift */,
				98A2612D28B18F1200FEE658 /* MapView.swift */,
				98CF8FBC28B249F600993DE6 /* FavoriteButton.swift */,
			);
			path = Helpers;
			sourceTree = "<group>";
		};
		98CF8FBE28B24A0E00993DE6 /* Landmarks */ = {
			isa = PBXGroup;
			children = (
				98A2614028B19C3200FEE658 /* LandmarkDetail.swift */,
				98A2613C28B1992400FEE658 /* LandmarkRow.swift */,
				98A2613E28B19AC900FEE658 /* LandmarkList.swift */,
			);
			path = Landmarks;
			sourceTree = "<group>";
		};
		98CF8FC928B28F9700993DE6 /* Badges */ = {
			isa = PBXGroup;
			children = (
				98CF8FC128B2519700993DE6 /* BadgeBackground.swift */,
				98CF8FC328B2563300993DE6 /* BadgeSymbol.swift */,
				98CF8FBF28B24FA800993DE6 /* HexagonParameters.swift */,
				98CF8FC528B28B7000993DE6 /* RotatedBadgeSymbol.swift */,
				98CF8FC728B28CEE00993DE6 /* Badge.swift */,
			);
			path = Badges;
			sourceTree = "<group>";
		};
		98CF8FD028B29C8100993DE6 /* Hikes */ = {
			isa = PBXGroup;
			children = (
				98CF8FD128B29C8100993DE6 /* GraphCapsule.swift */,
				98CF8FD228B29C8100993DE6 /* HikeGraph.swift */,
				98CF8FD328B29C8100993DE6 /* HikeDetail.swift */,
				98CF8FD428B29C8100993DE6 /* HikeView.swift */,
			);
			path = Hikes;
			sourceTree = "<group>";
		};
/* End PBXGroup section */

/* Begin PBXNativeTarget section */
		989490032B0CE475001B6A7A /* LandmarksUITests */ = {
			isa = PBXNativeTarget;
			buildConfigurationList = 9894900E2B0CE475001B6A7A /* Build configuration list for PBXNativeTarget "LandmarksUITests" */;
			buildPhases = (
				989490002B0CE475001B6A7A /* Sources */,
				989490012B0CE475001B6A7A /* Frameworks */,
				989490022B0CE475001B6A7A /* Resources */,
			);
			buildRules = (
			);
			dependencies = (
				9894900B2B0CE475001B6A7A /* PBXTargetDependency */,
			);
			name = LandmarksUITests;
			productName = LandmarksUITests;
			productReference = 989490042B0CE475001B6A7A /* LandmarksUITests.xctest */;
			productType = "com.apple.product-type.bundle.ui-testing";
		};
		98A2611928B169B900FEE658 /* Landmarks */ = {
			isa = PBXNativeTarget;
			buildConfigurationList = 98A2612828B169BA00FEE658 /* Build configuration list for PBXNativeTarget "Landmarks" */;
			buildPhases = (
				98A2611628B169B900FEE658 /* Sources */,
				98A2611728B169B900FEE658 /* Frameworks */,
				98A2611828B169B900FEE658 /* Resources */,
			);
			buildRules = (
			);
			dependencies = (
			);
			name = Landmarks;
			productName = Landmarks;
			productReference = 98A2611A28B169B900FEE658 /* Landmarks.app */;
			productType = "com.apple.product-type.application";
		};
/* End PBXNativeTarget section */

/* Begin PBXProject section */
		98A2611228B169B900FEE658 /* Project object */ = {
			isa = PBXProject;
			attributes = {
				BuildIndependentTargetsInParallel = 1;
				LastSwiftUpdateCheck = 1340;
				LastUpgradeCheck = 1340;
				TargetAttributes = {
					989490032B0CE475001B6A7A = {
						CreatedOnToolsVersion = 15.0.1;
						TestTargetID = 98A2611928B169B900FEE658;
					};
					98A2611928B169B900FEE658 = {
						CreatedOnToolsVersion = 13.4.1;
					};
				};
			};
			buildConfigurationList = 98A2611528B169B900FEE658 /* Build configuration list for PBXProject "Landmarks" */;
			compatibilityVersion = "Xcode 13.0";
			developmentRegion = en;
			hasScannedForEncodings = 0;
			knownRegions = (
				en,
				Base,
			);
			mainGroup = 98A2611128B169B900FEE658;
			productRefGroup = 98A2611B28B169B900FEE658 /* Products */;
			projectDirPath = "";
			projectRoot = "";
			targets = (
				98A2611928B169B900FEE658 /* Landmarks */,
				989490032B0CE475001B6A7A /* LandmarksUITests */,
			);
		};
/* End PBXProject section */

/* Begin PBXResourcesBuildPhase section */
		989490022B0CE475001B6A7A /* Resources */ = {
			isa = PBXResourcesBuildPhase;
			buildActionMask = 2147483647;
			files = (
			);
			runOnlyForDeploymentPostprocessing = 0;
		};
		98A2611828B169B900FEE658 /* Resources */ = {
			isa = PBXResourcesBuildPhase;
			buildActionMask = 2147483647;
			files = (
				98CF8FCB28B2985F00993DE6 /* hikeData.json in Resources */,
				98A2612528B169BA00FEE658 /* Preview Assets.xcassets in Resources */,
				98A2612228B169BA00FEE658 /* Assets.xcassets in Resources */,
				98A2613228B194A100FEE658 /* landmarkData.json in Resources */,
			);
			runOnlyForDeploymentPostprocessing = 0;
		};
/* End PBXResourcesBuildPhase section */

/* Begin PBXSourcesBuildPhase section */
		989490002B0CE475001B6A7A /* Sources */ = {
			isa = PBXSourcesBuildPhase;
			buildActionMask = 2147483647;
			files = (
				989490072B0CE475001B6A7A /* LandmarksUITests.m in Sources */,
			);
			runOnlyForDeploymentPostprocessing = 0;
		};
		98A2611628B169B900FEE658 /* Sources */ = {
			isa = PBXSourcesBuildPhase;
			buildActionMask = 2147483647;
			files = (
				98A2612028B169B900FEE658 /* ContentView.swift in Sources */,
				98CF8FD628B29C8100993DE6 /* HikeGraph.swift in Sources */,
				98CF8FC828B28CEE00993DE6 /* Badge.swift in Sources */,
				98A2612E28B18F1200FEE658 /* MapView.swift in Sources */,
				98CF8FD528B29C8100993DE6 /* GraphCapsule.swift in Sources */,
				98A2611E28B169B900FEE658 /* LandmarksApp.swift in Sources */,
				98CF8FBD28B249F600993DE6 /* FavoriteButton.swift in Sources */,
				98CF8FD728B29C8100993DE6 /* HikeDetail.swift in Sources */,
				98CF8FC028B24FA800993DE6 /* HexagonParameters.swift in Sources */,
				98CF8FCD28B29B1100993DE6 /* Hike.swift in Sources */,
				98CF8FC628B28B7000993DE6 /* RotatedBadgeSymbol.swift in Sources */,
				98CF8FC428B2563300993DE6 /* BadgeSymbol.swift in Sources */,
				98A2613F28B19AC900FEE658 /* LandmarkList.swift in Sources */,
				98CF8FD828B29C8100993DE6 /* HikeView.swift in Sources */,
				98A2614128B19C3200FEE658 /* LandmarkDetail.swift in Sources */,
				98CF8FC228B2519700993DE6 /* BadgeBackground.swift in Sources */,
				98A2612C28B18CA000FEE658 /* CircleImage.swift in Sources */,
				98A2613428B194FC00FEE658 /* Landmark.swift in Sources */,
				98A2613D28B1992400FEE658 /* LandmarkRow.swift in Sources */,
				98A2613628B196D700FEE658 /* ModelData.swift in Sources */,
			);
			runOnlyForDeploymentPostprocessing = 0;
		};
/* End PBXSourcesBuildPhase section */

/* Begin PBXTargetDependency section */
		9894900B2B0CE475001B6A7A /* PBXTargetDependency */ = {
			isa = PBXTargetDependency;
			target = 98A2611928B169B900FEE658 /* Landmarks */;
			targetProxy = 9894900A2B0CE475001B6A7A /* PBXContainerItemProxy */;
		};
/* End PBXTargetDependency section */

/* Begin XCBuildConfiguration section */
		9894900C2B0CE475001B6A7A /* Debug */ = {
			isa = XCBuildConfiguration;
			buildSettings = {
				ALWAYS_EMBED_SWIFT_STANDARD_LIBRARIES = YES;
				ASSETCATALOG_COMPILER_GENERATE_SWIFT_ASSET_SYMBOL_EXTENSIONS = YES;
				CLANG_CXX_LANGUAGE_STANDARD = "gnu++20";
				CODE_SIGN_STYLE = Automatic;
				CURRENT_PROJECT_VERSION = 1;
				DEVELOPMENT_TEAM = U3EG6EALX7;
				ENABLE_USER_SCRIPT_SANDBOXING = YES;
				GCC_C_LANGUAGE_STANDARD = gnu17;
				GENERATE_INFOPLIST_FILE = YES;
				IPHONEOS_DEPLOYMENT_TARGET = 15.0;
				LOCALIZATION_PREFERS_STRING_CATALOGS = YES;
				MARKETING_VERSION = 1.0;
				PRODUCT_BUNDLE_IDENTIFIER = pl.leancode.patrol.Landmarks.LandmarksUITests;
				PRODUCT_NAME = "$(TARGET_NAME)";
				SWIFT_EMIT_LOC_STRINGS = NO;
				TARGETED_DEVICE_FAMILY = "1,2";
				TEST_TARGET_NAME = Landmarks;
			};
			name = Debug;
		};
		9894900D2B0CE475001B6A7A /* Release */ = {
			isa = XCBuildConfiguration;
			buildSettings = {
				ALWAYS_EMBED_SWIFT_STANDARD_LIBRARIES = YES;
				ASSETCATALOG_COMPILER_GENERATE_SWIFT_ASSET_SYMBOL_EXTENSIONS = YES;
				CLANG_CXX_LANGUAGE_STANDARD = "gnu++20";
				CODE_SIGN_STYLE = Automatic;
				CURRENT_PROJECT_VERSION = 1;
				DEVELOPMENT_TEAM = U3EG6EALX7;
				ENABLE_USER_SCRIPT_SANDBOXING = YES;
				GCC_C_LANGUAGE_STANDARD = gnu17;
				GENERATE_INFOPLIST_FILE = YES;
				IPHONEOS_DEPLOYMENT_TARGET = 15.0;
				LOCALIZATION_PREFERS_STRING_CATALOGS = YES;
				MARKETING_VERSION = 1.0;
				PRODUCT_BUNDLE_IDENTIFIER = pl.leancode.patrol.Landmarks.LandmarksUITests;
				PRODUCT_NAME = "$(TARGET_NAME)";
				SWIFT_EMIT_LOC_STRINGS = NO;
				TARGETED_DEVICE_FAMILY = "1,2";
				TEST_TARGET_NAME = Landmarks;
			};
			name = Release;
		};
		98A2612628B169BA00FEE658 /* Debug */ = {
			isa = XCBuildConfiguration;
			buildSettings = {
				ALWAYS_SEARCH_USER_PATHS = NO;
				CLANG_ANALYZER_NONNULL = YES;
				CLANG_ANALYZER_NUMBER_OBJECT_CONVERSION = YES_AGGRESSIVE;
				CLANG_CXX_LANGUAGE_STANDARD = "gnu++17";
				CLANG_ENABLE_MODULES = YES;
				CLANG_ENABLE_OBJC_ARC = YES;
				CLANG_ENABLE_OBJC_WEAK = YES;
				CLANG_WARN_BLOCK_CAPTURE_AUTORELEASING = YES;
				CLANG_WARN_BOOL_CONVERSION = YES;
				CLANG_WARN_COMMA = YES;
				CLANG_WARN_CONSTANT_CONVERSION = YES;
				CLANG_WARN_DEPRECATED_OBJC_IMPLEMENTATIONS = YES;
				CLANG_WARN_DIRECT_OBJC_ISA_USAGE = YES_ERROR;
				CLANG_WARN_DOCUMENTATION_COMMENTS = YES;
				CLANG_WARN_EMPTY_BODY = YES;
				CLANG_WARN_ENUM_CONVERSION = YES;
				CLANG_WARN_INFINITE_RECURSION = YES;
				CLANG_WARN_INT_CONVERSION = YES;
				CLANG_WARN_NON_LITERAL_NULL_CONVERSION = YES;
				CLANG_WARN_OBJC_IMPLICIT_RETAIN_SELF = YES;
				CLANG_WARN_OBJC_LITERAL_CONVERSION = YES;
				CLANG_WARN_OBJC_ROOT_CLASS = YES_ERROR;
				CLANG_WARN_QUOTED_INCLUDE_IN_FRAMEWORK_HEADER = YES;
				CLANG_WARN_RANGE_LOOP_ANALYSIS = YES;
				CLANG_WARN_STRICT_PROTOTYPES = YES;
				CLANG_WARN_SUSPICIOUS_MOVE = YES;
				CLANG_WARN_UNGUARDED_AVAILABILITY = YES_AGGRESSIVE;
				CLANG_WARN_UNREACHABLE_CODE = YES;
				CLANG_WARN__DUPLICATE_METHOD_MATCH = YES;
				COPY_PHASE_STRIP = NO;
				DEBUG_INFORMATION_FORMAT = dwarf;
				ENABLE_STRICT_OBJC_MSGSEND = YES;
				ENABLE_TESTABILITY = YES;
				GCC_C_LANGUAGE_STANDARD = gnu11;
				GCC_DYNAMIC_NO_PIC = NO;
				GCC_NO_COMMON_BLOCKS = YES;
				GCC_OPTIMIZATION_LEVEL = 0;
				GCC_PREPROCESSOR_DEFINITIONS = (
					"DEBUG=1",
					"$(inherited)",
				);
				GCC_WARN_64_TO_32_BIT_CONVERSION = YES;
				GCC_WARN_ABOUT_RETURN_TYPE = YES_ERROR;
				GCC_WARN_UNDECLARED_SELECTOR = YES;
				GCC_WARN_UNINITIALIZED_AUTOS = YES_AGGRESSIVE;
				GCC_WARN_UNUSED_FUNCTION = YES;
				GCC_WARN_UNUSED_VARIABLE = YES;
				IPHONEOS_DEPLOYMENT_TARGET = 15.5;
				MTL_ENABLE_DEBUG_INFO = INCLUDE_SOURCE;
				MTL_FAST_MATH = YES;
				ONLY_ACTIVE_ARCH = YES;
				SDKROOT = iphoneos;
				SWIFT_ACTIVE_COMPILATION_CONDITIONS = DEBUG;
				SWIFT_OPTIMIZATION_LEVEL = "-Onone";
			};
			name = Debug;
		};
		98A2612728B169BA00FEE658 /* Release */ = {
			isa = XCBuildConfiguration;
			buildSettings = {
				ALWAYS_SEARCH_USER_PATHS = NO;
				CLANG_ANALYZER_NONNULL = YES;
				CLANG_ANALYZER_NUMBER_OBJECT_CONVERSION = YES_AGGRESSIVE;
				CLANG_CXX_LANGUAGE_STANDARD = "gnu++17";
				CLANG_ENABLE_MODULES = YES;
				CLANG_ENABLE_OBJC_ARC = YES;
				CLANG_ENABLE_OBJC_WEAK = YES;
				CLANG_WARN_BLOCK_CAPTURE_AUTORELEASING = YES;
				CLANG_WARN_BOOL_CONVERSION = YES;
				CLANG_WARN_COMMA = YES;
				CLANG_WARN_CONSTANT_CONVERSION = YES;
				CLANG_WARN_DEPRECATED_OBJC_IMPLEMENTATIONS = YES;
				CLANG_WARN_DIRECT_OBJC_ISA_USAGE = YES_ERROR;
				CLANG_WARN_DOCUMENTATION_COMMENTS = YES;
				CLANG_WARN_EMPTY_BODY = YES;
				CLANG_WARN_ENUM_CONVERSION = YES;
				CLANG_WARN_INFINITE_RECURSION = YES;
				CLANG_WARN_INT_CONVERSION = YES;
				CLANG_WARN_NON_LITERAL_NULL_CONVERSION = YES;
				CLANG_WARN_OBJC_IMPLICIT_RETAIN_SELF = YES;
				CLANG_WARN_OBJC_LITERAL_CONVERSION = YES;
				CLANG_WARN_OBJC_ROOT_CLASS = YES_ERROR;
				CLANG_WARN_QUOTED_INCLUDE_IN_FRAMEWORK_HEADER = YES;
				CLANG_WARN_RANGE_LOOP_ANALYSIS = YES;
				CLANG_WARN_STRICT_PROTOTYPES = YES;
				CLANG_WARN_SUSPICIOUS_MOVE = YES;
				CLANG_WARN_UNGUARDED_AVAILABILITY = YES_AGGRESSIVE;
				CLANG_WARN_UNREACHABLE_CODE = YES;
				CLANG_WARN__DUPLICATE_METHOD_MATCH = YES;
				COPY_PHASE_STRIP = NO;
				DEBUG_INFORMATION_FORMAT = "dwarf-with-dsym";
				ENABLE_NS_ASSERTIONS = NO;
				ENABLE_STRICT_OBJC_MSGSEND = YES;
				GCC_C_LANGUAGE_STANDARD = gnu11;
				GCC_NO_COMMON_BLOCKS = YES;
				GCC_WARN_64_TO_32_BIT_CONVERSION = YES;
				GCC_WARN_ABOUT_RETURN_TYPE = YES_ERROR;
				GCC_WARN_UNDECLARED_SELECTOR = YES;
				GCC_WARN_UNINITIALIZED_AUTOS = YES_AGGRESSIVE;
				GCC_WARN_UNUSED_FUNCTION = YES;
				GCC_WARN_UNUSED_VARIABLE = YES;
				IPHONEOS_DEPLOYMENT_TARGET = 15.5;
				MTL_ENABLE_DEBUG_INFO = NO;
				MTL_FAST_MATH = YES;
				SDKROOT = iphoneos;
				SWIFT_COMPILATION_MODE = wholemodule;
				SWIFT_OPTIMIZATION_LEVEL = "-O";
				VALIDATE_PRODUCT = YES;
			};
			name = Release;
		};
		98A2612928B169BA00FEE658 /* Debug */ = {
			isa = XCBuildConfiguration;
			buildSettings = {
				ASSETCATALOG_COMPILER_APPICON_NAME = AppIcon;
				ASSETCATALOG_COMPILER_GLOBAL_ACCENT_COLOR_NAME = AccentColor;
				CODE_SIGN_STYLE = Automatic;
				CURRENT_PROJECT_VERSION = 1;
				DEVELOPMENT_ASSET_PATHS = "\"Landmarks/Preview Content\"";
				DEVELOPMENT_TEAM = U3EG6EALX7;
				ENABLE_PREVIEWS = YES;
				GENERATE_INFOPLIST_FILE = YES;
				INFOPLIST_KEY_UIApplicationSceneManifest_Generation = YES;
				INFOPLIST_KEY_UIApplicationSupportsIndirectInputEvents = YES;
				INFOPLIST_KEY_UILaunchScreen_Generation = YES;
				INFOPLIST_KEY_UISupportedInterfaceOrientations_iPad = "UIInterfaceOrientationPortrait UIInterfaceOrientationPortraitUpsideDown UIInterfaceOrientationLandscapeLeft UIInterfaceOrientationLandscapeRight";
				INFOPLIST_KEY_UISupportedInterfaceOrientations_iPhone = "UIInterfaceOrientationPortrait UIInterfaceOrientationLandscapeLeft UIInterfaceOrientationLandscapeRight";
				IPHONEOS_DEPLOYMENT_TARGET = 15.0;
				LD_RUNPATH_SEARCH_PATHS = (
					"$(inherited)",
					"@executable_path/Frameworks",
				);
				MARKETING_VERSION = 1.0;
				PRODUCT_BUNDLE_IDENTIFIER = pl.leancode.patrol.Landmarks;
				PRODUCT_NAME = "$(TARGET_NAME)";
				SWIFT_EMIT_LOC_STRINGS = YES;
				SWIFT_VERSION = 5.0;
				TARGETED_DEVICE_FAMILY = "1,2";
			};
			name = Debug;
		};
		98A2612A28B169BA00FEE658 /* Release */ = {
			isa = XCBuildConfiguration;
			buildSettings = {
				ASSETCATALOG_COMPILER_APPICON_NAME = AppIcon;
				ASSETCATALOG_COMPILER_GLOBAL_ACCENT_COLOR_NAME = AccentColor;
				CODE_SIGN_STYLE = Automatic;
				CURRENT_PROJECT_VERSION = 1;
				DEVELOPMENT_ASSET_PATHS = "\"Landmarks/Preview Content\"";
				DEVELOPMENT_TEAM = U3EG6EALX7;
				ENABLE_PREVIEWS = YES;
				GENERATE_INFOPLIST_FILE = YES;
				INFOPLIST_KEY_UIApplicationSceneManifest_Generation = YES;
				INFOPLIST_KEY_UIApplicationSupportsIndirectInputEvents = YES;
				INFOPLIST_KEY_UILaunchScreen_Generation = YES;
				INFOPLIST_KEY_UISupportedInterfaceOrientations_iPad = "UIInterfaceOrientationPortrait UIInterfaceOrientationPortraitUpsideDown UIInterfaceOrientationLandscapeLeft UIInterfaceOrientationLandscapeRight";
				INFOPLIST_KEY_UISupportedInterfaceOrientations_iPhone = "UIInterfaceOrientationPortrait UIInterfaceOrientationLandscapeLeft UIInterfaceOrientationLandscapeRight";
				IPHONEOS_DEPLOYMENT_TARGET = 15.0;
				LD_RUNPATH_SEARCH_PATHS = (
					"$(inherited)",
					"@executable_path/Frameworks",
				);
				MARKETING_VERSION = 1.0;
				PRODUCT_BUNDLE_IDENTIFIER = pl.leancode.patrol.Landmarks;
				PRODUCT_NAME = "$(TARGET_NAME)";
				SWIFT_EMIT_LOC_STRINGS = YES;
				SWIFT_VERSION = 5.0;
				TARGETED_DEVICE_FAMILY = "1,2";
			};
			name = Release;
		};
/* End XCBuildConfiguration section */

/* Begin XCConfigurationList section */
		9894900E2B0CE475001B6A7A /* Build configuration list for PBXNativeTarget "LandmarksUITests" */ = {
			isa = XCConfigurationList;
			buildConfigurations = (
				9894900C2B0CE475001B6A7A /* Debug */,
				9894900D2B0CE475001B6A7A /* Release */,
			);
			defaultConfigurationIsVisible = 0;
			defaultConfigurationName = Release;
		};
		98A2611528B169B900FEE658 /* Build configuration list for PBXProject "Landmarks" */ = {
			isa = XCConfigurationList;
			buildConfigurations = (
				98A2612628B169BA00FEE658 /* Debug */,
				98A2612728B169BA00FEE658 /* Release */,
			);
			defaultConfigurationIsVisible = 0;
			defaultConfigurationName = Release;
		};
		98A2612828B169BA00FEE658 /* Build configuration list for PBXNativeTarget "Landmarks" */ = {
			isa = XCConfigurationList;
			buildConfigurations = (
				98A2612928B169BA00FEE658 /* Debug */,
				98A2612A28B169BA00FEE658 /* Release */,
			);
			defaultConfigurationIsVisible = 0;
			defaultConfigurationName = Release;
		};
/* End XCConfigurationList section */
	};
	rootObject = 98A2611228B169B900FEE658 /* Project object */;
}
